{
  "version": 4,
  "terraform_version": "0.14.5",
  "serial": 10,
  "lineage": "9360689d-31da-2f9b-9b3d-335f6040ab0b",
  "outputs": {},
  "resources": [
    {
      "mode": "managed",
      "type": "aws_security_group",
      "name": "test-ssh",
      "provider": "provider[\"registry.terraform.io/hashicorp/aws\"]",
      "instances": [
        {
          "schema_version": 1,
          "attributes": {
            "arn": "arn:aws:ec2:us-east-1:918762629738:security-group/sg-000b55cbd06bb8c6d",
            "description": "test-ssh",
            "egress": [],
            "id": "sg-000b55cbd06bb8c6d",
            "ingress": [
              {
                "cidr_blocks": [
                  "177.62.107.179/32"
                ],
                "description": "ssh",
                "from_port": 22,
                "ipv6_cidr_blocks": [],
                "prefix_list_ids": [],
                "protocol": "tcp",
                "security_groups": [],
                "self": false,
                "to_port": 22
              }
            ],
            "name": "test-ssh",
            "name_prefix": "",
            "owner_id": "918762629738",
            "revoke_rules_on_delete": false,
            "tags": {
              "Name": "TEST SSH"
            },
            "timeouts": null,
            "vpc_id": "vpc-77301510"
          },
          "sensitive_attributes": [],
          "private": "eyJlMmJmYjczMC1lY2FhLTExZTYtOGY4OC0zNDM2M2JjN2M0YzAiOnsiY3JlYXRlIjo2MDAwMDAwMDAwMDAsImRlbGV0ZSI6NjAwMDAwMDAwMDAwfSwic2NoZW1hX3ZlcnNpb24iOiIxIn0="
        }
      ]
    }
  ]
}
